
Microsoft Visual Studio Solution File, Format Version 12.00
# Visual Studio Version 17
VisualStudioVersion = 17.11.35327.3
MinimumVisualStudioVersion = 10.0.40219.1
Project("{FAE04EC0-301F-11D3-BF4B-00C04F79EFBC}") = "APIGatewayS1", "APIGatewayS1\APIGatewayS1.csproj", "{483226D7-3644-4789-B34F-0C8727AC3568}"
EndProject
Global
	GlobalSection(SolutionConfigurationPlatforms) = preSolution
		Debug|Any CPU = Debug|Any CPU
		Release|Any CPU = Release|Any CPU
	EndGlobalSection
	GlobalSection(ProjectConfigurationPlatforms) = postSolution
		{483226D7-3644-4789-B34F-0C8727AC3568}.Debug|Any CPU.ActiveCfg = Debug|Any CPU
		{483226D7-3644-4789-B34F-0C8727AC3568}.Debug|Any CPU.Build.0 = Debug|Any CPU
		{483226D7-3644-4789-B34F-0C8727AC3568}.Release|Any CPU.ActiveCfg = Release|Any CPU
		{483226D7-3644-4789-B34F-0C8727AC3568}.Release|Any CPU.Build.0 = Release|Any CPU
	EndGlobalSection
	GlobalSection(SolutionProperties) = preSolution
		HideSolutionNode = FALSE
	EndGlobalSection
	GlobalSection(ExtensibilityGlobals) = postSolution
		SolutionGuid = {9EBE1170-B4F9-4BE1-9B03-04CC3797FDC9}
	EndGlobalSection
EndGlobal
